
Microsoft Visual Studio Solution File, Format Version 12.00
# Visual Studio 15
VisualStudioVersion = 15.0.27130.2010
MinimumVisualStudioVersion = 10.0.40219.1
Project("{FAE04EC0-301F-11D3-BF4B-00C04F79EFBC}") = "App1", "App1.csproj", "{620E6A82-E060-467D-AFF3-04D5144B8DAA}"
EndProject
Global
	GlobalSection(SolutionConfigurationPlatforms) = preSolution
		Debug|Any CPU = Debug|Any CPU
		Release|Any CPU = Release|Any CPU
	EndGlobalSection
	GlobalSection(ProjectConfigurationPlatforms) = postSolution
		{620E6A82-E060-467D-AFF3-04D5144B8DAA}.Debug|Any CPU.ActiveCfg = Debug|Any CPU
		{620E6A82-E060-467D-AFF3-04D5144B8DAA}.Debug|Any CPU.Build.0 = Debug|Any CPU
		{620E6A82-E060-467D-AFF3-04D5144B8DAA}.Release|Any CPU.ActiveCfg = Release|Any CPU
		{620E6A82-E060-467D-AFF3-04D5144B8DAA}.Release|Any CPU.Build.0 = Release|Any CPU
	EndGlobalSection
	GlobalSection(SolutionProperties) = preSolution
		HideSolutionNode = FALSE
	EndGlobalSection
	GlobalSection(ExtensibilityGlobals) = postSolution
		SolutionGuid = {A3E55A7B-458B-4AD7-9EA0-C96BF6F6FEB2}
	EndGlobalSection
EndGlobal
