
Microsoft Visual Studio Solution File, Format Version 12.00
# Visual Studio 15
VisualStudioVersion = 15.0.26730.12
MinimumVisualStudioVersion = 10.0.40219.1
Project("{FAE04EC0-301F-11D3-BF4B-00C04F79EFBC}") = "ClassLibrary", "ClassLibrary\ClassLibrary.csproj", "{24880826-ACE5-4CC6-BA4B-24644558ADED}"
EndProject
Project("{FAE04EC0-301F-11D3-BF4B-00C04F79EFBC}") = "ConsoleApp", "ConsoleApp\ConsoleApp.csproj", "{202BB9DB-76A2-4D2B-8BCA-AD6538C765B2}"
EndProject
Project("{FAE04EC0-301F-11D3-BF4B-00C04F79EFBC}") = "WFApp", "WFApp\WFApp.csproj", "{56069780-8501-427B-92D7-C79B97A8FFCD}"
EndProject
Global
	GlobalSection(SolutionConfigurationPlatforms) = preSolution
		Debug|Any CPU = Debug|Any CPU
		Release|Any CPU = Release|Any CPU
	EndGlobalSection
	GlobalSection(ProjectConfigurationPlatforms) = postSolution
		{24880826-ACE5-4CC6-BA4B-24644558ADED}.Debug|Any CPU.ActiveCfg = Debug|Any CPU
		{24880826-ACE5-4CC6-BA4B-24644558ADED}.Debug|Any CPU.Build.0 = Debug|Any CPU
		{24880826-ACE5-4CC6-BA4B-24644558ADED}.Release|Any CPU.ActiveCfg = Release|Any CPU
		{24880826-ACE5-4CC6-BA4B-24644558ADED}.Release|Any CPU.Build.0 = Release|Any CPU
		{202BB9DB-76A2-4D2B-8BCA-AD6538C765B2}.Debug|Any CPU.ActiveCfg = Debug|Any CPU
		{202BB9DB-76A2-4D2B-8BCA-AD6538C765B2}.Debug|Any CPU.Build.0 = Debug|Any CPU
		{202BB9DB-76A2-4D2B-8BCA-AD6538C765B2}.Release|Any CPU.ActiveCfg = Release|Any CPU
		{202BB9DB-76A2-4D2B-8BCA-AD6538C765B2}.Release|Any CPU.Build.0 = Release|Any CPU
		{56069780-8501-427B-92D7-C79B97A8FFCD}.Debug|Any CPU.ActiveCfg = Debug|Any CPU
		{56069780-8501-427B-92D7-C79B97A8FFCD}.Debug|Any CPU.Build.0 = Debug|Any CPU
		{56069780-8501-427B-92D7-C79B97A8FFCD}.Release|Any CPU.ActiveCfg = Release|Any CPU
		{56069780-8501-427B-92D7-C79B97A8FFCD}.Release|Any CPU.Build.0 = Release|Any CPU
	EndGlobalSection
	GlobalSection(SolutionProperties) = preSolution
		HideSolutionNode = FALSE
	EndGlobalSection
	GlobalSection(ExtensibilityGlobals) = postSolution
		SolutionGuid = {BA18F9B1-6D44-45A1-B0E1-12F12B9F36B9}
	EndGlobalSection
EndGlobal
