
Microsoft Visual Studio Solution File, Format Version 12.00
# Visual Studio 15
VisualStudioVersion = 15.0.27130.2010
MinimumVisualStudioVersion = 10.0.40219.1
Project("{D954291E-2A0B-460D-934E-DC6B0785DB48}") = "GC", "GC.shproj", "{DF4E59A3-B5C7-4A97-BAA1-5C6DB2EE67AF}"
EndProject
Global
	GlobalSection(SharedMSBuildProjectFiles) = preSolution
		GC.projitems*{df4e59a3-b5c7-4a97-baa1-5c6db2ee67af}*SharedItemsImports = 13
	EndGlobalSection
	GlobalSection(SolutionProperties) = preSolution
		HideSolutionNode = FALSE
	EndGlobalSection
	GlobalSection(ExtensibilityGlobals) = postSolution
		SolutionGuid = {60DDA369-1392-4149-AC11-D25AD9F8F042}
	EndGlobalSection
EndGlobal
