
Microsoft Visual Studio Solution File, Format Version 12.00
# Visual Studio 15
VisualStudioVersion = 15.0.27130.2010
MinimumVisualStudioVersion = 10.0.40219.1
Project("{FAE04EC0-301F-11D3-BF4B-00C04F79EFBC}") = "WinApp", "WinApp\WinApp.csproj", "{C622767A-32CF-4001-82A9-EB458A94667B}"
EndProject
Project("{FAE04EC0-301F-11D3-BF4B-00C04F79EFBC}") = "ClassLibrary", "ClassLibrary\ClassLibrary.csproj", "{C128FD2D-6CFE-4EDC-93BA-B169B3E33171}"
EndProject
Global
	GlobalSection(SolutionConfigurationPlatforms) = preSolution
		Debug|Any CPU = Debug|Any CPU
		Release|Any CPU = Release|Any CPU
	EndGlobalSection
	GlobalSection(ProjectConfigurationPlatforms) = postSolution
		{C622767A-32CF-4001-82A9-EB458A94667B}.Debug|Any CPU.ActiveCfg = Debug|Any CPU
		{C622767A-32CF-4001-82A9-EB458A94667B}.Debug|Any CPU.Build.0 = Debug|Any CPU
		{C622767A-32CF-4001-82A9-EB458A94667B}.Release|Any CPU.ActiveCfg = Release|Any CPU
		{C622767A-32CF-4001-82A9-EB458A94667B}.Release|Any CPU.Build.0 = Release|Any CPU
		{C128FD2D-6CFE-4EDC-93BA-B169B3E33171}.Debug|Any CPU.ActiveCfg = Debug|Any CPU
		{C128FD2D-6CFE-4EDC-93BA-B169B3E33171}.Debug|Any CPU.Build.0 = Debug|Any CPU
		{C128FD2D-6CFE-4EDC-93BA-B169B3E33171}.Release|Any CPU.ActiveCfg = Release|Any CPU
		{C128FD2D-6CFE-4EDC-93BA-B169B3E33171}.Release|Any CPU.Build.0 = Release|Any CPU
	EndGlobalSection
	GlobalSection(SolutionProperties) = preSolution
		HideSolutionNode = FALSE
	EndGlobalSection
	GlobalSection(ExtensibilityGlobals) = postSolution
		SolutionGuid = {16589E3A-DB01-44F9-B0E9-B055ED6EBB09}
	EndGlobalSection
EndGlobal
