
Microsoft Visual Studio Solution File, Format Version 12.00
# Visual Studio 15
VisualStudioVersion = 15.0.26430.14
MinimumVisualStudioVersion = 10.0.40219.1
Project("{FAE04EC0-301F-11D3-BF4B-00C04F79EFBC}") = "ClassLibrary", "ClassLibrary.csproj", "{0F4EBC40-47D6-4E59-AEFE-40A242C1D1FC}"
EndProject
Project("{FAE04EC0-301F-11D3-BF4B-00C04F79EFBC}") = "ConsoleApp", "..\ConsoleApp\ConsoleApp.csproj", "{77B2052D-80C2-419B-8168-16A6FDCD48FD}"
EndProject
Project("{FAE04EC0-301F-11D3-BF4B-00C04F79EFBC}") = "UnitTests", "..\UnitTests\UnitTests.csproj", "{000B01F9-052D-4830-AFD2-7559A5D8369F}"
EndProject
Global
	GlobalSection(SolutionConfigurationPlatforms) = preSolution
		Debug|Any CPU = Debug|Any CPU
		Release|Any CPU = Release|Any CPU
	EndGlobalSection
	GlobalSection(ProjectConfigurationPlatforms) = postSolution
		{0F4EBC40-47D6-4E59-AEFE-40A242C1D1FC}.Debug|Any CPU.ActiveCfg = Debug|Any CPU
		{0F4EBC40-47D6-4E59-AEFE-40A242C1D1FC}.Debug|Any CPU.Build.0 = Debug|Any CPU
		{0F4EBC40-47D6-4E59-AEFE-40A242C1D1FC}.Release|Any CPU.ActiveCfg = Release|Any CPU
		{0F4EBC40-47D6-4E59-AEFE-40A242C1D1FC}.Release|Any CPU.Build.0 = Release|Any CPU
		{77B2052D-80C2-419B-8168-16A6FDCD48FD}.Debug|Any CPU.ActiveCfg = Debug|Any CPU
		{77B2052D-80C2-419B-8168-16A6FDCD48FD}.Debug|Any CPU.Build.0 = Debug|Any CPU
		{77B2052D-80C2-419B-8168-16A6FDCD48FD}.Release|Any CPU.ActiveCfg = Release|Any CPU
		{77B2052D-80C2-419B-8168-16A6FDCD48FD}.Release|Any CPU.Build.0 = Release|Any CPU
		{000B01F9-052D-4830-AFD2-7559A5D8369F}.Debug|Any CPU.ActiveCfg = Debug|Any CPU
		{000B01F9-052D-4830-AFD2-7559A5D8369F}.Debug|Any CPU.Build.0 = Debug|Any CPU
		{000B01F9-052D-4830-AFD2-7559A5D8369F}.Release|Any CPU.ActiveCfg = Release|Any CPU
		{000B01F9-052D-4830-AFD2-7559A5D8369F}.Release|Any CPU.Build.0 = Release|Any CPU
	EndGlobalSection
	GlobalSection(SolutionProperties) = preSolution
		HideSolutionNode = FALSE
	EndGlobalSection
EndGlobal
